// !$*UTF8*$!
{
	archiveVersion = 1;
	classes = {
	};
	objectVersion = 77;
	objects = {

/* Begin PBXBuildFile section */
		836D227B2F8C3430004C8FA5 /* Networking in Frameworks */ = {isa = PBXBuildFile; productRef = AA000002AAAA000000000001 /* Networking */; };
/* End PBXBuildFile section */

/* Begin PBXContainerItemProxy section */
		836D21E32F8C1D78004C8FA5 /* PBXContainerItemProxy */ = {
			isa = PBXContainerItemProxy;
			containerPortal = 836D21CD2F8C1D75004C8FA5 /* Project object */;
			proxyType = 1;
			remoteGlobalIDString = 836D21D42F8C1D75004C8FA5;
			remoteInfo = MovieMania;
		};
		836D21ED2F8C1D78004C8FA5 /* PBXContainerItemProxy */ = {
			isa = PBXContainerItemProxy;
			containerPortal = 836D21CD2F8C1D75004C8FA5 /* Project object */;
			proxyType = 1;
			remoteGlobalIDString = 836D21D42F8C1D75004C8FA5;
			remoteInfo = MovieMania;
		};
/* End PBXContainerItemProxy section */

/* Begin PBXFileReference section */
		836D21D52F8C1D75004C8FA5 /* MovieMania.app */ = {isa = PBXFileReference; explicitFileType = wrapper.application; includeInIndex = 0; path = MovieMania.app; sourceTree = BUILT_PRODUCTS_DIR; };
		836D21E22F8C1D78004C8FA5 /* MovieManiaTests.xctest */ = {isa = PBXFileReference; explicitFileType = wrapper.cfbundle; includeInIndex = 0; path = MovieManiaTests.xctest; sourceTree = BUILT_PRODUCTS_DIR; };
		836D21EC2F8C1D78004C8FA5 /* MovieManiaUITests.xctest */ = {isa = PBXFileReference; explicitFileType = wrapper.cfbundle; includeInIndex = 0; path = MovieManiaUITests.xctest; sourceTree = BUILT_PRODUCTS_DIR; };
		83CFG00001000000000000A1 /* Secrets.xcconfig */ = {isa = PBXFileReference; lastKnownFileType = text.xcconfig; path = Secrets.xcconfig; sourceTree = "<group>"; };
		83CFG00001000000000000A2 /* Secrets.sample.xcconfig */ = {isa = PBXFileReference; lastKnownFileType = text.xcconfig; path = Secrets.sample.xcconfig; sourceTree = "<group>"; };
/* End PBXFileReference section */

/* Begin PBXFileSystemSynchronizedBuildFileExceptionSet section */
		83E0536F2F8FB73300FCDB87 /* Exceptions for "MovieMania" folder in "MovieMania" target */ = {
			isa = PBXFileSystemSynchronizedBuildFileExceptionSet;
			membershipExceptions = (
				Info.plist,
			);
			target = 836D21D42F8C1D75004C8FA5 /* MovieMania */;
		};
/* End PBXFileSystemSynchronizedBuildFileExceptionSet section */

/* Begin PBXFileSystemSynchronizedRootGroup section */
		836D21D72F8C1D75004C8FA5 /* MovieMania */ = {
			isa = PBXFileSystemSynchronizedRootGroup;
			exceptions = (
				83E0536F2F8FB73300FCDB87 /* Exceptions for "MovieMania" folder in "MovieMania" target */,
			);
			path = MovieMania;
			sourceTree = "<group>";
		};
		836D21E52F8C1D78004C8FA5 /* MovieManiaTests */ = {
			isa = PBXFileSystemSynchronizedRootGroup;
			path = MovieManiaTests;
			sourceTree = "<group>";
		};
		836D21EF2F8C1D78004C8FA5 /* MovieManiaUITests */ = {
			isa = PBXFileSystemSynchronizedRootGroup;
			path = MovieManiaUITests;
			sourceTree = "<group>";
		};
/* End PBXFileSystemSynchronizedRootGroup section */

/* Begin PBXFrameworksBuildPhase section */
		836D21D22F8C1D75004C8FA5 /* Frameworks */ = {
			isa = PBXFrameworksBuildPhase;
			buildActionMask = 2147483647;
			files = (
				836D227B2F8C3430004C8FA5 /* Networking in Frameworks */,
			);
			runOnlyForDeploymentPostprocessing = 0;
		};
		836D21DF2F8C1D78004C8FA5 /* Frameworks */ = {
			isa = PBXFrameworksBuildPhase;
			buildActionMask = 2147483647;
			files = (
			);
			runOnlyForDeploymentPostprocessing = 0;
		};
		836D21E92F8C1D78004C8FA5 /* Frameworks */ = {
			isa = PBXFrameworksBuildPhase;
			buildActionMask = 2147483647;
			files = (
			);
			runOnlyForDeploymentPostprocessing = 0;
		};
/* End PBXFrameworksBuildPhase section */

/* Begin PBXGroup section */
		836D21CC2F8C1D75004C8FA5 = {
			isa = PBXGroup;
			children = (
				83CFG00001000000000000B1 /* Config */,
				836D21D72F8C1D75004C8FA5 /* MovieMania */,
				836D21E52F8C1D78004C8FA5 /* MovieManiaTests */,
				836D21EF2F8C1D78004C8FA5 /* MovieManiaUITests */,
				836D21D62F8C1D75004C8FA5 /* Products */,
			);
			sourceTree = "<group>";
		};
		83CFG00001000000000000B1 /* Config */ = {
			isa = PBXGroup;
			children = (
				83CFG00001000000000000A1 /* Secrets.xcconfig */,
				83CFG00001000000000000A2 /* Secrets.sample.xcconfig */,
			);
			path = Config;
			sourceTree = "<group>";
		};
		836D21D62F8C1D75004C8FA5 /* Products */ = {
			isa = PBXGroup;
			children = (
				836D21D52F8C1D75004C8FA5 /* MovieMania.app */,
				836D21E22F8C1D78004C8FA5 /* MovieManiaTests.xctest */,
				836D21EC2F8C1D78004C8FA5 /* MovieManiaUITests.xctest */,
			);
			name = Products;
			sourceTree = "<group>";
		};
/* End PBXGroup section */

/* Begin PBXNativeTarget section */
		836D21D42F8C1D75004C8FA5 /* MovieMania */ = {
			isa = PBXNativeTarget;
			buildConfigurationList = 836D21F62F8C1D78004C8FA5 /* Build configuration list for PBXNativeTarget "MovieMania" */;
			buildPhases = (
				836D21D12F8C1D75004C8FA5 /* Sources */,
				836D21D22F8C1D75004C8FA5 /* Frameworks */,
				836D21D32F8C1D75004C8FA5 /* Resources */,
			);
			buildRules = (
			);
			dependencies = (
			);
			fileSystemSynchronizedGroups = (
				836D21D72F8C1D75004C8FA5 /* MovieMania */,
			);
			name = MovieMania;
			packageProductDependencies = (
				AA000002AAAA000000000001 /* Networking */,
			);
			productName = MovieMania;
			productReference = 836D21D52F8C1D75004C8FA5 /* MovieMania.app */;
			productType = "com.apple.product-type.application";
		};
		836D21E12F8C1D78004C8FA5 /* MovieManiaTests */ = {
			isa = PBXNativeTarget;
			buildConfigurationList = 836D21F92F8C1D78004C8FA5 /* Build configuration list for PBXNativeTarget "MovieManiaTests" */;
			buildPhases = (
				836D21DE2F8C1D78004C8FA5 /* Sources */,
				836D21DF2F8C1D78004C8FA5 /* Frameworks */,
				836D21E02F8C1D78004C8FA5 /* Resources */,
			);
			buildRules = (
			);
			dependencies = (
				836D21E42F8C1D78004C8FA5 /* PBXTargetDependency */,
			);
			fileSystemSynchronizedGroups = (
				836D21E52F8C1D78004C8FA5 /* MovieManiaTests */,
			);
			name = MovieManiaTests;
			packageProductDependencies = (
			);
			productName = MovieManiaTests;
			productReference = 836D21E22F8C1D78004C8FA5 /* MovieManiaTests.xctest */;
			productType = "com.apple.product-type.bundle.unit-test";
		};
		836D21EB2F8C1D78004C8FA5 /* MovieManiaUITests */ = {
			isa = PBXNativeTarget;
			buildConfigurationList = 836D21FC2F8C1D78004C8FA5 /* Build configuration list for PBXNativeTarget "MovieManiaUITests" */;
			buildPhases = (
				836D21E82F8C1D78004C8FA5 /* Sources */,
				836D21E92F8C1D78004C8FA5 /* Frameworks */,
				836D21EA2F8C1D78004C8FA5 /* Resources */,
			);
			buildRules = (
			);
			dependencies = (
				836D21EE2F8C1D78004C8FA5 /* PBXTargetDependency */,
			);
			fileSystemSynchronizedGroups = (
				836D21EF2F8C1D78004C8FA5 /* MovieManiaUITests */,
			);
			name = MovieManiaUITests;
			packageProductDependencies = (
			);
			productName = MovieManiaUITests;
			productReference = 836D21EC2F8C1D78004C8FA5 /* MovieManiaUITests.xctest */;
			productType = "com.apple.product-type.bundle.ui-testing";
		};
/* End PBXNativeTarget section */

/* Begin PBXProject section */
		836D21CD2F8C1D75004C8FA5 /* Project object */ = {
			isa = PBXProject;
			attributes = {
				BuildIndependentTargetsInParallel = 1;
				LastSwiftUpdateCheck = 2630;
				LastUpgradeCheck = 2630;
				TargetAttributes = {
					836D21D42F8C1D75004C8FA5 = {
						CreatedOnToolsVersion = 26.3;
					};
					836D21E12F8C1D78004C8FA5 = {
						CreatedOnToolsVersion = 26.3;
						TestTargetID = 836D21D42F8C1D75004C8FA5;
					};
					836D21EB2F8C1D78004C8FA5 = {
						CreatedOnToolsVersion = 26.3;
						TestTargetID = 836D21D42F8C1D75004C8FA5;
					};
				};
			};
			buildConfigurationList = 836D21D02F8C1D75004C8FA5 /* Build configuration list for PBXProject "MovieMania" */;
			developmentRegion = en;
			hasScannedForEncodings = 0;
			knownRegions = (
				en,
				Base,
			);
			mainGroup = 836D21CC2F8C1D75004C8FA5;
			minimizedProjectReferenceProxies = 1;
			packageReferences = (
				AA000001AAAA000000000001 /* XCLocalSwiftPackageReference "Packages/Networking" */,
			);
			preferredProjectObjectVersion = 77;
			productRefGroup = 836D21D62F8C1D75004C8FA5 /* Products */;
			projectDirPath = "";
			projectRoot = "";
			targets = (
				836D21D42F8C1D75004C8FA5 /* MovieMania */,
				836D21E12F8C1D78004C8FA5 /* MovieManiaTests */,
				836D21EB2F8C1D78004C8FA5 /* MovieManiaUITests */,
			);
		};
/* End PBXProject section */

/* Begin PBXResourcesBuildPhase section */
		836D21D32F8C1D75004C8FA5 /* Resources */ = {
			isa = PBXResourcesBuildPhase;
			buildActionMask = 2147483647;
			files = (
			);
			runOnlyForDeploymentPostprocessing = 0;
		};
		836D21E02F8C1D78004C8FA5 /* Resources */ = {
			isa = PBXResourcesBuildPhase;
			buildActionMask = 2147483647;
			files = (
			);
			runOnlyForDeploymentPostprocessing = 0;
		};
		836D21EA2F8C1D78004C8FA5 /* Resources */ = {
			isa = PBXResourcesBuildPhase;
			buildActionMask = 2147483647;
			files = (
			);
			runOnlyForDeploymentPostprocessing = 0;
		};
/* End PBXResourcesBuildPhase section */

/* Begin PBXSourcesBuildPhase section */
		836D21D12F8C1D75004C8FA5 /* Sources */ = {
			isa = PBXSourcesBuildPhase;
			buildActionMask = 2147483647;
			files = (
			);
			runOnlyForDeploymentPostprocessing = 0;
		};
		836D21DE2F8C1D78004C8FA5 /* Sources */ = {
			isa = PBXSourcesBuildPhase;
			buildActionMask = 2147483647;
			files = (
			);
			runOnlyForDeploymentPostprocessing = 0;
		};
		836D21E82F8C1D78004C8FA5 /* Sources */ = {
			isa = PBXSourcesBuildPhase;
			buildActionMask = 2147483647;
			files = (
			);
			runOnlyForDeploymentPostprocessing = 0;
		};
/* End PBXSourcesBuildPhase section */

/* Begin PBXTargetDependency section */
		836D21E42F8C1D78004C8FA5 /* PBXTargetDependency */ = {
			isa = PBXTargetDependency;
			target = 836D21D42F8C1D75004C8FA5 /* MovieMania */;
			targetProxy = 836D21E32F8C1D78004C8FA5 /* PBXContainerItemProxy */;
		};
		836D21EE2F8C1D78004C8FA5 /* PBXTargetDependency */ = {
			isa = PBXTargetDependency;
			target = 836D21D42F8C1D75004C8FA5 /* MovieMania */;
			targetProxy = 836D21ED2F8C1D78004C8FA5 /* PBXContainerItemProxy */;
		};
/* End PBXTargetDependency section */

/* Begin XCBuildConfiguration section */
		836D21F42F8C1D78004C8FA5 /* Debug */ = {
			isa = XCBuildConfiguration;
			buildSettings = {
				ALWAYS_SEARCH_USER_PATHS = NO;
				ASSETCATALOG_COMPILER_GENERATE_SWIFT_ASSET_SYMBOL_EXTENSIONS = YES;
				CLANG_ANALYZER_NONNULL = YES;
				CLANG_ANALYZER_NUMBER_OBJECT_CONVERSION = YES_AGGRESSIVE;
				CLANG_CXX_LANGUAGE_STANDARD = "gnu++20";
				CLANG_ENABLE_MODULES = YES;
				CLANG_ENABLE_OBJC_ARC = YES;
				CLANG_ENABLE_OBJC_WEAK = YES;
				CLANG_WARN_BLOCK_CAPTURE_AUTORELEASING = YES;
				CLANG_WARN_BOOL_CONVERSION = YES;
				CLANG_WARN_COMMA = YES;
				CLANG_WARN_CONSTANT_CONVERSION = YES;
				CLANG_WARN_DEPRECATED_OBJC_IMPLEMENTATIONS = YES;
				CLANG_WARN_DIRECT_OBJC_ISA_USAGE = YES_ERROR;
				CLANG_WARN_DOCUMENTATION_COMMENTS = YES;
				CLANG_WARN_EMPTY_BODY = YES;
				CLANG_WARN_ENUM_CONVERSION = YES;
				CLANG_WARN_INFINITE_RECURSION = YES;
				CLANG_WARN_INT_CONVERSION = YES;
				CLANG_WARN_NON_LITERAL_NULL_CONVERSION = YES;
				CLANG_WARN_OBJC_IMPLICIT_RETAIN_SELF = YES;
				CLANG_WARN_OBJC_LITERAL_CONVERSION = YES;
				CLANG_WARN_OBJC_ROOT_CLASS = YES_ERROR;
				CLANG_WARN_QUOTED_INCLUDE_IN_FRAMEWORK_HEADER = YES;
				CLANG_WARN_RANGE_LOOP_ANALYSIS = YES;
				CLANG_WARN_STRICT_PROTOTYPES = YES;
				CLANG_WARN_SUSPICIOUS_MOVE = YES;
				CLANG_WARN_UNGUARDED_AVAILABILITY = YES_AGGRESSIVE;
				CLANG_WARN_UNREACHABLE_CODE = YES;
				CLANG_WARN__DUPLICATE_METHOD_MATCH = YES;
				COPY_PHASE_STRIP = NO;
				DEBUG_INFORMATION_FORMAT = dwarf;
				DEVELOPMENT_TEAM = 87LU9X44R3;
				ENABLE_STRICT_OBJC_MSGSEND = YES;
				ENABLE_TESTABILITY = YES;
				ENABLE_USER_SCRIPT_SANDBOXING = YES;
				GCC_C_LANGUAGE_STANDARD = gnu17;
				GCC_DYNAMIC_NO_PIC = NO;
				GCC_NO_COMMON_BLOCKS = YES;
				GCC_OPTIMIZATION_LEVEL = 0;
				GCC_PREPROCESSOR_DEFINITIONS = (
					"DEBUG=1",
					"$(inherited)",
				);
				GCC_WARN_64_TO_32_BIT_CONVERSION = YES;
				GCC_WARN_ABOUT_RETURN_TYPE = YES_ERROR;
				GCC_WARN_UNDECLARED_SELECTOR = YES;
				GCC_WARN_UNINITIALIZED_AUTOS = YES_AGGRESSIVE;
				GCC_WARN_UNUSED_FUNCTION = YES;
				GCC_WARN_UNUSED_VARIABLE = YES;
				IPHONEOS_DEPLOYMENT_TARGET = 26.2;
				LOCALIZATION_PREFERS_STRING_CATALOGS = YES;
				MTL_ENABLE_DEBUG_INFO = INCLUDE_SOURCE;
				MTL_FAST_MATH = YES;
				ONLY_ACTIVE_ARCH = YES;
				SDKROOT = iphoneos;
				SWIFT_ACTIVE_COMPILATION_CONDITIONS = "DEBUG $(inherited)";
				SWIFT_OPTIMIZATION_LEVEL = "-Onone";
			};
			name = Debug;
		};
		836D21F52F8C1D78004C8FA5 /* Release */ = {
			isa = XCBuildConfiguration;
			buildSettings = {
				ALWAYS_SEARCH_USER_PATHS = NO;
				ASSETCATALOG_COMPILER_GENERATE_SWIFT_ASSET_SYMBOL_EXTENSIONS = YES;
				CLANG_ANALYZER_NONNULL = YES;
				CLANG_ANALYZER_NUMBER_OBJECT_CONVERSION = YES_AGGRESSIVE;
				CLANG_CXX_LANGUAGE_STANDARD = "gnu++20";
				CLANG_ENABLE_MODULES = YES;
				CLANG_ENABLE_OBJC_ARC = YES;
				CLANG_ENABLE_OBJC_WEAK = YES;
				CLANG_WARN_BLOCK_CAPTURE_AUTORELEASING = YES;
				CLANG_WARN_BOOL_CONVERSION = YES;
				CLANG_WARN_COMMA = YES;
				CLANG_WARN_CONSTANT_CONVERSION = YES;
				CLANG_WARN_DEPRECATED_OBJC_IMPLEMENTATIONS = YES;
				CLANG_WARN_DIRECT_OBJC_ISA_USAGE = YES_ERROR;
				CLANG_WARN_DOCUMENTATION_COMMENTS = YES;
				CLANG_WARN_EMPTY_BODY = YES;
				CLANG_WARN_ENUM_CONVERSION = YES;
				CLANG_WARN_INFINITE_RECURSION = YES;
				CLANG_WARN_INT_CONVERSION = YES;
				CLANG_WARN_NON_LITERAL_NULL_CONVERSION = YES;
				CLANG_WARN_OBJC_IMPLICIT_RETAIN_SELF = YES;
				CLANG_WARN_OBJC_LITERAL_CONVERSION = YES;
				CLANG_WARN_OBJC_ROOT_CLASS = YES_ERROR;
				CLANG_WARN_QUOTED_INCLUDE_IN_FRAMEWORK_HEADER = YES;
				CLANG_WARN_RANGE_LOOP_ANALYSIS = YES;
				CLANG_WARN_STRICT_PROTOTYPES = YES;
				CLANG_WARN_SUSPICIOUS_MOVE = YES;
				CLANG_WARN_UNGUARDED_AVAILABILITY = YES_AGGRESSIVE;
				CLANG_WARN_UNREACHABLE_CODE = YES;
				CLANG_WARN__DUPLICATE_METHOD_MATCH = YES;
				COPY_PHASE_STRIP = NO;
				DEBUG_INFORMATION_FORMAT = "dwarf-with-dsym";
				DEVELOPMENT_TEAM = 87LU9X44R3;
				ENABLE_NS_ASSERTIONS = NO;
				ENABLE_STRICT_OBJC_MSGSEND = YES;
				ENABLE_USER_SCRIPT_SANDBOXING = YES;
				GCC_C_LANGUAGE_STANDARD = gnu17;
				GCC_NO_COMMON_BLOCKS = YES;
				GCC_WARN_64_TO_32_BIT_CONVERSION = YES;
				GCC_WARN_ABOUT_RETURN_TYPE = YES_ERROR;
				GCC_WARN_UNDECLARED_SELECTOR = YES;
				GCC_WARN_UNINITIALIZED_AUTOS = YES_AGGRESSIVE;
				GCC_WARN_UNUSED_FUNCTION = YES;
				GCC_WARN_UNUSED_VARIABLE = YES;
				IPHONEOS_DEPLOYMENT_TARGET = 26.2;
				LOCALIZATION_PREFERS_STRING_CATALOGS = YES;
				MTL_ENABLE_DEBUG_INFO = NO;
				MTL_FAST_MATH = YES;
				SDKROOT = iphoneos;
				SWIFT_COMPILATION_MODE = wholemodule;
				VALIDATE_PRODUCT = YES;
			};
			name = Release;
		};
		836D21F72F8C1D78004C8FA5 /* Debug */ = {
			isa = XCBuildConfiguration;
			baseConfigurationReference = 83CFG00001000000000000A1 /* Secrets.xcconfig */;
			buildSettings = {
				ASSETCATALOG_COMPILER_APPICON_NAME = AppIcon;
				ASSETCATALOG_COMPILER_GLOBAL_ACCENT_COLOR_NAME = AccentColor;
				CODE_SIGN_STYLE = Automatic;
				CURRENT_PROJECT_VERSION = 1;
				DEVELOPMENT_TEAM = 87LU9X44R3;
				ENABLE_PREVIEWS = YES;
				GENERATE_INFOPLIST_FILE = YES;
				INFOPLIST_FILE = MovieMania/Info.plist;
				INFOPLIST_KEY_UIApplicationSceneManifest_Generation = YES;
				INFOPLIST_KEY_UIApplicationSupportsIndirectInputEvents = YES;
				INFOPLIST_KEY_UILaunchScreen_Generation = YES;
				INFOPLIST_KEY_UISupportedInterfaceOrientations_iPad = "UIInterfaceOrientationPortrait UIInterfaceOrientationPortraitUpsideDown UIInterfaceOrientationLandscapeLeft UIInterfaceOrientationLandscapeRight";
				INFOPLIST_KEY_UISupportedInterfaceOrientations_iPhone = "UIInterfaceOrientationPortrait UIInterfaceOrientationLandscapeLeft UIInterfaceOrientationLandscapeRight";
				LD_RUNPATH_SEARCH_PATHS = (
					"$(inherited)",
					"@executable_path/Frameworks",
				);
				MARKETING_VERSION = 1.0;
				PRODUCT_BUNDLE_IDENTIFIER = com.amro.MovieMania;
				PRODUCT_NAME = "$(TARGET_NAME)";
				STRING_CATALOG_GENERATE_SYMBOLS = YES;
				SWIFT_APPROACHABLE_CONCURRENCY = YES;
				SWIFT_DEFAULT_ACTOR_ISOLATION = MainActor;
				SWIFT_EMIT_LOC_STRINGS = YES;
				SWIFT_UPCOMING_FEATURE_MEMBER_IMPORT_VISIBILITY = YES;
				SWIFT_VERSION = 5.0;
				TARGETED_DEVICE_FAMILY = "1,2";
			};
			name = Debug;
		};
		836D21F82F8C1D78004C8FA5 /* Release */ = {
			isa = XCBuildConfiguration;
			baseConfigurationReference = 83CFG00001000000000000A1 /* Secrets.xcconfig */;
			buildSettings = {
				ASSETCATALOG_COMPILER_APPICON_NAME = AppIcon;
				ASSETCATALOG_COMPILER_GLOBAL_ACCENT_COLOR_NAME = AccentColor;
				CODE_SIGN_STYLE = Automatic;
				CURRENT_PROJECT_VERSION = 1;
				DEVELOPMENT_TEAM = 87LU9X44R3;
				ENABLE_PREVIEWS = YES;
				GENERATE_INFOPLIST_FILE = YES;
				INFOPLIST_FILE = MovieMania/Info.plist;
				INFOPLIST_KEY_UIApplicationSceneManifest_Generation = YES;
				INFOPLIST_KEY_UIApplicationSupportsIndirectInputEvents = YES;
				INFOPLIST_KEY_UILaunchScreen_Generation = YES;
				INFOPLIST_KEY_UISupportedInterfaceOrientations_iPad = "UIInterfaceOrientationPortrait UIInterfaceOrientationPortraitUpsideDown UIInterfaceOrientationLandscapeLeft UIInterfaceOrientationLandscapeRight";
				INFOPLIST_KEY_UISupportedInterfaceOrientations_iPhone = "UIInterfaceOrientationPortrait UIInterfaceOrientationLandscapeLeft UIInterfaceOrientationLandscapeRight";
				LD_RUNPATH_SEARCH_PATHS = (
					"$(inherited)",
					"@executable_path/Frameworks",
				);
				MARKETING_VERSION = 1.0;
				PRODUCT_BUNDLE_IDENTIFIER = com.amro.MovieMania;
				PRODUCT_NAME = "$(TARGET_NAME)";
				STRING_CATALOG_GENERATE_SYMBOLS = YES;
				SWIFT_APPROACHABLE_CONCURRENCY = YES;
				SWIFT_DEFAULT_ACTOR_ISOLATION = MainActor;
				SWIFT_EMIT_LOC_STRINGS = YES;
				SWIFT_UPCOMING_FEATURE_MEMBER_IMPORT_VISIBILITY = YES;
				SWIFT_VERSION = 5.0;
				TARGETED_DEVICE_FAMILY = "1,2";
			};
			name = Release;
		};
		836D21FA2F8C1D78004C8FA5 /* Debug */ = {
			isa = XCBuildConfiguration;
			buildSettings = {
				BUNDLE_LOADER = "$(TEST_HOST)";
				CODE_SIGN_STYLE = Automatic;
				CURRENT_PROJECT_VERSION = 1;
				DEVELOPMENT_TEAM = 87LU9X44R3;
				GENERATE_INFOPLIST_FILE = YES;
				IPHONEOS_DEPLOYMENT_TARGET = 26.2;
				MARKETING_VERSION = 1.0;
				PRODUCT_BUNDLE_IDENTIFIER = com.amro.MovieManiaTests;
				PRODUCT_NAME = "$(TARGET_NAME)";
				STRING_CATALOG_GENERATE_SYMBOLS = NO;
				SWIFT_APPROACHABLE_CONCURRENCY = YES;
				SWIFT_EMIT_LOC_STRINGS = NO;
				SWIFT_UPCOMING_FEATURE_MEMBER_IMPORT_VISIBILITY = YES;
				SWIFT_VERSION = 5.0;
				TARGETED_DEVICE_FAMILY = "1,2";
				TEST_HOST = "$(BUILT_PRODUCTS_DIR)/MovieMania.app/$(BUNDLE_EXECUTABLE_FOLDER_PATH)/MovieMania";
			};
			name = Debug;
		};
		836D21FB2F8C1D78004C8FA5 /* Release */ = {
			isa = XCBuildConfiguration;
			buildSettings = {
				BUNDLE_LOADER = "$(TEST_HOST)";
				CODE_SIGN_STYLE = Automatic;
				CURRENT_PROJECT_VERSION = 1;
				DEVELOPMENT_TEAM = 87LU9X44R3;
				GENERATE_INFOPLIST_FILE = YES;
				IPHONEOS_DEPLOYMENT_TARGET = 26.2;
				MARKETING_VERSION = 1.0;
				PRODUCT_BUNDLE_IDENTIFIER = com.amro.MovieManiaTests;
				PRODUCT_NAME = "$(TARGET_NAME)";
				STRING_CATALOG_GENERATE_SYMBOLS = NO;
				SWIFT_APPROACHABLE_CONCURRENCY = YES;
				SWIFT_EMIT_LOC_STRINGS = NO;
				SWIFT_UPCOMING_FEATURE_MEMBER_IMPORT_VISIBILITY = YES;
				SWIFT_VERSION = 5.0;
				TARGETED_DEVICE_FAMILY = "1,2";
				TEST_HOST = "$(BUILT_PRODUCTS_DIR)/MovieMania.app/$(BUNDLE_EXECUTABLE_FOLDER_PATH)/MovieMania";
			};
			name = Release;
		};
		836D21FD2F8C1D78004C8FA5 /* Debug */ = {
			isa = XCBuildConfiguration;
			buildSettings = {
				CODE_SIGN_STYLE = Automatic;
				CURRENT_PROJECT_VERSION = 1;
				DEVELOPMENT_TEAM = 87LU9X44R3;
				GENERATE_INFOPLIST_FILE = YES;
				MARKETING_VERSION = 1.0;
				PRODUCT_BUNDLE_IDENTIFIER = com.amro.MovieManiaUITests;
				PRODUCT_NAME = "$(TARGET_NAME)";
				STRING_CATALOG_GENERATE_SYMBOLS = NO;
				SWIFT_APPROACHABLE_CONCURRENCY = YES;
				SWIFT_EMIT_LOC_STRINGS = NO;
				SWIFT_UPCOMING_FEATURE_MEMBER_IMPORT_VISIBILITY = YES;
				SWIFT_VERSION = 5.0;
				TARGETED_DEVICE_FAMILY = "1,2";
				TEST_TARGET_NAME = MovieMania;
			};
			name = Debug;
		};
		836D21FE2F8C1D78004C8FA5 /* Release */ = {
			isa = XCBuildConfiguration;
			buildSettings = {
				CODE_SIGN_STYLE = Automatic;
				CURRENT_PROJECT_VERSION = 1;
				DEVELOPMENT_TEAM = 87LU9X44R3;
				GENERATE_INFOPLIST_FILE = YES;
				MARKETING_VERSION = 1.0;
				PRODUCT_BUNDLE_IDENTIFIER = com.amro.MovieManiaUITests;
				PRODUCT_NAME = "$(TARGET_NAME)";
				STRING_CATALOG_GENERATE_SYMBOLS = NO;
				SWIFT_APPROACHABLE_CONCURRENCY = YES;
				SWIFT_EMIT_LOC_STRINGS = NO;
				SWIFT_UPCOMING_FEATURE_MEMBER_IMPORT_VISIBILITY = YES;
				SWIFT_VERSION = 5.0;
				TARGETED_DEVICE_FAMILY = "1,2";
				TEST_TARGET_NAME = MovieMania;
			};
			name = Release;
		};
/* End XCBuildConfiguration section */

/* Begin XCConfigurationList section */
		836D21D02F8C1D75004C8FA5 /* Build configuration list for PBXProject "MovieMania" */ = {
			isa = XCConfigurationList;
			buildConfigurations = (
				836D21F42F8C1D78004C8FA5 /* Debug */,
				836D21F52F8C1D78004C8FA5 /* Release */,
			);
			defaultConfigurationIsVisible = 0;
			defaultConfigurationName = Release;
		};
		836D21F62F8C1D78004C8FA5 /* Build configuration list for PBXNativeTarget "MovieMania" */ = {
			isa = XCConfigurationList;
			buildConfigurations = (
				836D21F72F8C1D78004C8FA5 /* Debug */,
				836D21F82F8C1D78004C8FA5 /* Release */,
			);
			defaultConfigurationIsVisible = 0;
			defaultConfigurationName = Release;
		};
		836D21F92F8C1D78004C8FA5 /* Build configuration list for PBXNativeTarget "MovieManiaTests" */ = {
			isa = XCConfigurationList;
			buildConfigurations = (
				836D21FA2F8C1D78004C8FA5 /* Debug */,
				836D21FB2F8C1D78004C8FA5 /* Release */,
			);
			defaultConfigurationIsVisible = 0;
			defaultConfigurationName = Release;
		};
		836D21FC2F8C1D78004C8FA5 /* Build configuration list for PBXNativeTarget "MovieManiaUITests" */ = {
			isa = XCConfigurationList;
			buildConfigurations = (
				836D21FD2F8C1D78004C8FA5 /* Debug */,
				836D21FE2F8C1D78004C8FA5 /* Release */,
			);
			defaultConfigurationIsVisible = 0;
			defaultConfigurationName = Release;
		};
/* End XCConfigurationList section */

/* Begin XCLocalSwiftPackageReference section */
		AA000001AAAA000000000001 /* XCLocalSwiftPackageReference "Packages/Networking" */ = {
			isa = XCLocalSwiftPackageReference;
			relativePath = Packages/Networking;
		};
/* End XCLocalSwiftPackageReference section */

/* Begin XCSwiftPackageProductDependency section */
		AA000002AAAA000000000001 /* Networking */ = {
			isa = XCSwiftPackageProductDependency;
			productName = Networking;
		};
/* End XCSwiftPackageProductDependency section */
	};
	rootObject = 836D21CD2F8C1D75004C8FA5 /* Project object */;
}
